
Microsoft Visual Studio Solution File, Format Version 12.00
# Visual Studio Version 17
VisualStudioVersion = 17.7.34018.315
MinimumVisualStudioVersion = 10.0.40219.1
Project("{8BC9CEB8-8B4A-11D0-8D11-00A0C91BC942}") = "lab1-c220", "lab1-c220\lab1-c220.vcxproj", "{9A8770A9-C085-46D7-9783-8AA2292531FD}"
EndProject
Project("{8BC9CEB8-8B4A-11D0-8D11-00A0C91BC942}") = "lab2-c220", "lab2-c220\lab2-c220.vcxproj", "{5F70626F-D8B3-4888-B4B2-CE62BDF22BB5}"
EndProject
Global
	GlobalSection(SolutionConfigurationPlatforms) = preSolution
		Debug|x64 = Debug|x64
		Debug|x86 = Debug|x86
		Release|x64 = Release|x64
		Release|x86 = Release|x86
	EndGlobalSection
	GlobalSection(ProjectConfigurationPlatforms) = postSolution
		{9A8770A9-C085-46D7-9783-8AA2292531FD}.Debug|x64.ActiveCfg = Debug|x64
		{9A8770A9-C085-46D7-9783-8AA2292531FD}.Debug|x64.Build.0 = Debug|x64
		{9A8770A9-C085-46D7-9783-8AA2292531FD}.Debug|x86.ActiveCfg = Debug|Win32
		{9A8770A9-C085-46D7-9783-8AA2292531FD}.Debug|x86.Build.0 = Debug|Win32
		{9A8770A9-C085-46D7-9783-8AA2292531FD}.Release|x64.ActiveCfg = Release|x64
		{9A8770A9-C085-46D7-9783-8AA2292531FD}.Release|x64.Build.0 = Release|x64
		{9A8770A9-C085-46D7-9783-8AA2292531FD}.Release|x86.ActiveCfg = Release|Win32
		{9A8770A9-C085-46D7-9783-8AA2292531FD}.Release|x86.Build.0 = Release|Win32
		{5F70626F-D8B3-4888-B4B2-CE62BDF22BB5}.Debug|x64.ActiveCfg = Debug|x64
		{5F70626F-D8B3-4888-B4B2-CE62BDF22BB5}.Debug|x64.Build.0 = Debug|x64
		{5F70626F-D8B3-4888-B4B2-CE62BDF22BB5}.Debug|x86.ActiveCfg = Debug|Win32
		{5F70626F-D8B3-4888-B4B2-CE62BDF22BB5}.Debug|x86.Build.0 = Debug|Win32
		{5F70626F-D8B3-4888-B4B2-CE62BDF22BB5}.Release|x64.ActiveCfg = Release|x64
		{5F70626F-D8B3-4888-B4B2-CE62BDF22BB5}.Release|x64.Build.0 = Release|x64
		{5F70626F-D8B3-4888-B4B2-CE62BDF22BB5}.Release|x86.ActiveCfg = Release|Win32
		{5F70626F-D8B3-4888-B4B2-CE62BDF22BB5}.Release|x86.Build.0 = Release|Win32
	EndGlobalSection
	GlobalSection(SolutionProperties) = preSolution
		HideSolutionNode = FALSE
	EndGlobalSection
	GlobalSection(ExtensibilityGlobals) = postSolution
		SolutionGuid = {F13D1D8A-073D-450E-B322-F43F05BD2D21}
	EndGlobalSection
EndGlobal
